
Microsoft Visual Studio Solution File, Format Version 12.00
# Visual Studio 15
VisualStudioVersion = 15.0.28010.2046
MinimumVisualStudioVersion = 10.0.40219.1
Project("{FAE04EC0-301F-11D3-BF4B-00C04F79EFBC}") = "ToDoListRPG", "ToDoListRPG\ToDoListRPG.csproj", "{578C98C4-494E-42A7-97F1-1C1ADEF0C21D}"
EndProject
Project("{FAE04EC0-301F-11D3-BF4B-00C04F79EFBC}") = "ToDoListRPG.Tests", "ToDoListRPG.Tests\ToDoListRPG.Tests.csproj", "{E901A80B-A34A-4FC8-B0E4-9147D0D172A3}"
EndProject
Project("{FAE04EC0-301F-11D3-BF4B-00C04F79EFBC}") = "accountDatabase", "accountDatabase\accountDatabase.csproj", "{690AC2BD-6B38-4C6B-BC18-871FF396E080}"
EndProject
Global
	GlobalSection(SolutionConfigurationPlatforms) = preSolution
		Debug|Any CPU = Debug|Any CPU
		Release|Any CPU = Release|Any CPU
	EndGlobalSection
	GlobalSection(ProjectConfigurationPlatforms) = postSolution
		{578C98C4-494E-42A7-97F1-1C1ADEF0C21D}.Debug|Any CPU.ActiveCfg = Debug|Any CPU
		{578C98C4-494E-42A7-97F1-1C1ADEF0C21D}.Debug|Any CPU.Build.0 = Debug|Any CPU
		{578C98C4-494E-42A7-97F1-1C1ADEF0C21D}.Release|Any CPU.ActiveCfg = Release|Any CPU
		{578C98C4-494E-42A7-97F1-1C1ADEF0C21D}.Release|Any CPU.Build.0 = Release|Any CPU
		{E901A80B-A34A-4FC8-B0E4-9147D0D172A3}.Debug|Any CPU.ActiveCfg = Debug|Any CPU
		{E901A80B-A34A-4FC8-B0E4-9147D0D172A3}.Debug|Any CPU.Build.0 = Debug|Any CPU
		{E901A80B-A34A-4FC8-B0E4-9147D0D172A3}.Release|Any CPU.ActiveCfg = Release|Any CPU
		{E901A80B-A34A-4FC8-B0E4-9147D0D172A3}.Release|Any CPU.Build.0 = Release|Any CPU
		{690AC2BD-6B38-4C6B-BC18-871FF396E080}.Debug|Any CPU.ActiveCfg = Debug|Any CPU
		{690AC2BD-6B38-4C6B-BC18-871FF396E080}.Debug|Any CPU.Build.0 = Debug|Any CPU
		{690AC2BD-6B38-4C6B-BC18-871FF396E080}.Release|Any CPU.ActiveCfg = Release|Any CPU
		{690AC2BD-6B38-4C6B-BC18-871FF396E080}.Release|Any CPU.Build.0 = Release|Any CPU
	EndGlobalSection
	GlobalSection(SolutionProperties) = preSolution
		HideSolutionNode = FALSE
	EndGlobalSection
	GlobalSection(ExtensibilityGlobals) = postSolution
		SolutionGuid = {C1CEF3DD-6CE0-4A9B-9120-51568098B2B2}
	EndGlobalSection
EndGlobal
