
Microsoft Visual Studio Solution File, Format Version 12.00
# Visual Studio 15
VisualStudioVersion = 15.0.28010.2036
MinimumVisualStudioVersion = 10.0.40219.1
Project("{FAE04EC0-301F-11D3-BF4B-00C04F79EFBC}") = "ToDoListRPG", "ToDoListRPG\ToDoListRPG.csproj", "{3D57175F-18D4-473B-9A6D-F8B5F000A72A}"
EndProject
Project("{FAE04EC0-301F-11D3-BF4B-00C04F79EFBC}") = "ToDoListRPG.Tests", "ToDoListRPG.Tests\ToDoListRPG.Tests.csproj", "{6FDABC77-F46C-4B59-8852-7959138D2011}"
EndProject
Global
	GlobalSection(SolutionConfigurationPlatforms) = preSolution
		Debug|Any CPU = Debug|Any CPU
		Release|Any CPU = Release|Any CPU
	EndGlobalSection
	GlobalSection(ProjectConfigurationPlatforms) = postSolution
		{3D57175F-18D4-473B-9A6D-F8B5F000A72A}.Debug|Any CPU.ActiveCfg = Debug|Any CPU
		{3D57175F-18D4-473B-9A6D-F8B5F000A72A}.Debug|Any CPU.Build.0 = Debug|Any CPU
		{3D57175F-18D4-473B-9A6D-F8B5F000A72A}.Release|Any CPU.ActiveCfg = Release|Any CPU
		{3D57175F-18D4-473B-9A6D-F8B5F000A72A}.Release|Any CPU.Build.0 = Release|Any CPU
		{6FDABC77-F46C-4B59-8852-7959138D2011}.Debug|Any CPU.ActiveCfg = Debug|Any CPU
		{6FDABC77-F46C-4B59-8852-7959138D2011}.Debug|Any CPU.Build.0 = Debug|Any CPU
		{6FDABC77-F46C-4B59-8852-7959138D2011}.Release|Any CPU.ActiveCfg = Release|Any CPU
		{6FDABC77-F46C-4B59-8852-7959138D2011}.Release|Any CPU.Build.0 = Release|Any CPU
	EndGlobalSection
	GlobalSection(SolutionProperties) = preSolution
		HideSolutionNode = FALSE
	EndGlobalSection
	GlobalSection(ExtensibilityGlobals) = postSolution
		SolutionGuid = {0FA59BDD-D02E-416D-874E-A5CBA32EA558}
	EndGlobalSection
EndGlobal
